
Microsoft Visual Studio Solution File, Format Version 12.00
# Visual Studio Version 16
VisualStudioVersion = 16.0.31205.134
MinimumVisualStudioVersion = 10.0.40219.1
Project("{FAE04EC0-301F-11D3-BF4B-00C04F79EFBC}") = "BlazorEmail.Client.Server", "BlazorEmail.Client\Server\BlazorEmail.Client.Server.csproj", "{077E87A8-A892-4898-B29F-517194EE5155}"
EndProject
Project("{FAE04EC0-301F-11D3-BF4B-00C04F79EFBC}") = "BlazorEmail.Client.Client", "BlazorEmail.Client\Client\BlazorEmail.Client.Client.csproj", "{1D2BDB65-257E-42B6-B9A7-2806EC7FC186}"
EndProject
Project("{FAE04EC0-301F-11D3-BF4B-00C04F79EFBC}") = "BlazorEmail.Client.Shared", "BlazorEmail.Client\Shared\BlazorEmail.Client.Shared.csproj", "{455DDDDC-D0D8-4408-B5E5-9D490890D736}"
EndProject
Global
	GlobalSection(SolutionConfigurationPlatforms) = preSolution
		Debug|Any CPU = Debug|Any CPU
		Release|Any CPU = Release|Any CPU
	EndGlobalSection
	GlobalSection(ProjectConfigurationPlatforms) = postSolution
		{077E87A8-A892-4898-B29F-517194EE5155}.Debug|Any CPU.ActiveCfg = Debug|Any CPU
		{077E87A8-A892-4898-B29F-517194EE5155}.Debug|Any CPU.Build.0 = Debug|Any CPU
		{077E87A8-A892-4898-B29F-517194EE5155}.Release|Any CPU.ActiveCfg = Release|Any CPU
		{077E87A8-A892-4898-B29F-517194EE5155}.Release|Any CPU.Build.0 = Release|Any CPU
		{1D2BDB65-257E-42B6-B9A7-2806EC7FC186}.Debug|Any CPU.ActiveCfg = Debug|Any CPU
		{1D2BDB65-257E-42B6-B9A7-2806EC7FC186}.Debug|Any CPU.Build.0 = Debug|Any CPU
		{1D2BDB65-257E-42B6-B9A7-2806EC7FC186}.Release|Any CPU.ActiveCfg = Release|Any CPU
		{1D2BDB65-257E-42B6-B9A7-2806EC7FC186}.Release|Any CPU.Build.0 = Release|Any CPU
		{455DDDDC-D0D8-4408-B5E5-9D490890D736}.Debug|Any CPU.ActiveCfg = Debug|Any CPU
		{455DDDDC-D0D8-4408-B5E5-9D490890D736}.Debug|Any CPU.Build.0 = Debug|Any CPU
		{455DDDDC-D0D8-4408-B5E5-9D490890D736}.Release|Any CPU.ActiveCfg = Release|Any CPU
		{455DDDDC-D0D8-4408-B5E5-9D490890D736}.Release|Any CPU.Build.0 = Release|Any CPU
	EndGlobalSection
	GlobalSection(SolutionProperties) = preSolution
		HideSolutionNode = FALSE
	EndGlobalSection
	GlobalSection(ExtensibilityGlobals) = postSolution
		SolutionGuid = {F7DFD68B-D00F-43CE-B739-12363854FEF5}
	EndGlobalSection
EndGlobal
